
Microsoft Visual Studio Solution File, Format Version 12.00
# Visual Studio Version 17
VisualStudioVersion = 17.12.35527.113
MinimumVisualStudioVersion = 10.0.40219.1
Project("{2150E333-8FDC-42A3-9474-1A3956D46DE8}") = "src", "src", "{5EA08EC6-617F-4EFB-A937-0E001FEADC1A}"
EndProject
Project("{2150E333-8FDC-42A3-9474-1A3956D46DE8}") = "Packages", "Packages", "{DC870A37-CF5B-4298-B2B9-E06C268023DD}"
EndProject
Project("{2150E333-8FDC-42A3-9474-1A3956D46DE8}") = "SRC-PKG", "SRC-PKG", "{A0CAA696-DAF9-4B73-8446-105638C74011}"
EndProject
Project("{2150E333-8FDC-42A3-9474-1A3956D46DE8}") = "Tests", "Tests", "{4FF9B2F8-DB01-4821-93F2-CB040BC6D947}"
EndProject
Project("{2150E333-8FDC-42A3-9474-1A3956D46DE8}") = "01-Domain", "01-Domain", "{0B97A1F3-05BE-4BBB-9D50-B3914BC8E5D4}"
EndProject
Project("{2150E333-8FDC-42A3-9474-1A3956D46DE8}") = "02-Infrastructures", "02-Infrastructures", "{764FB63E-8ABD-4A94-9BFD-C0B319A8ED1E}"
EndProject
Project("{2150E333-8FDC-42A3-9474-1A3956D46DE8}") = "03-EndPoint", "03-EndPoint", "{E0F17002-5E4D-44D4-A1E3-41D8BB1DB396}"
EndProject
Project("{2150E333-8FDC-42A3-9474-1A3956D46DE8}") = "Core", "Core", "{5FDBA6EE-9C72-4467-9C46-114ADD478D53}"
EndProject
Project("{2150E333-8FDC-42A3-9474-1A3956D46DE8}") = "Services", "Services", "{F336E201-4C4B-4FD0-A2BB-7B865963DBA5}"
EndProject
Project("{2150E333-8FDC-42A3-9474-1A3956D46DE8}") = "DataAccess", "DataAccess", "{B2288867-BD0D-40C9-B8BB-44E6856D2B25}"
EndProject
Project("{2150E333-8FDC-42A3-9474-1A3956D46DE8}") = "DB", "DB", "{D18D57BE-0F83-4AA8-AF72-A7CFA780592C}"
EndProject
Project("{2150E333-8FDC-42A3-9474-1A3956D46DE8}") = "Providers", "Providers", "{8DB26F4B-DEAC-4625-83C4-51AAF5DCAF6A}"
EndProject
Project("{FAE04EC0-301F-11D3-BF4B-00C04F79EFBC}") = "App-Domain-Core", "App-Domain-Core\App-Domain-Core.csproj", "{39E6C43C-964A-40C6-8C0B-698BB75247A2}"
EndProject
Project("{FAE04EC0-301F-11D3-BF4B-00C04F79EFBC}") = "App-Domain-AppServices", "App-Domain-AppServices\App-Domain-AppServices.csproj", "{4D6E4AE9-8E2E-48F7-A4AB-0B2AA6FB7B5F}"
EndProject
Project("{FAE04EC0-301F-11D3-BF4B-00C04F79EFBC}") = "App-Domain-Services", "App-Domain-Services\App-Domain-Services.csproj", "{C5BCF12A-187A-49FD-8313-9D32A94E5593}"
EndProject
Project("{FAE04EC0-301F-11D3-BF4B-00C04F79EFBC}") = "App.Infra.Data.Repos.Ef", "App.Infra.Data.Repos.Ef\App.Infra.Data.Repos.Ef.csproj", "{514C9DEB-C847-439A-81FA-7253628602F7}"
EndProject
Project("{FAE04EC0-301F-11D3-BF4B-00C04F79EFBC}") = "App-infra-Data-SQLServer-EF", "App-infra-Data-SQLServer-EF\App-infra-Data-SQLServer-EF.csproj", "{56EEA615-2EC0-4B39-92A0-0DCE1B4FA25B}"
EndProject
Project("{FAE04EC0-301F-11D3-BF4B-00C04F79EFBC}") = "WebApplication1", "WebApplication1\WebApplication1.csproj", "{E111D091-516C-4EAD-8EED-193ADA46C961}"
EndProject
Global
	GlobalSection(SolutionConfigurationPlatforms) = preSolution
		Debug|Any CPU = Debug|Any CPU
		Release|Any CPU = Release|Any CPU
	EndGlobalSection
	GlobalSection(ProjectConfigurationPlatforms) = postSolution
		{39E6C43C-964A-40C6-8C0B-698BB75247A2}.Debug|Any CPU.ActiveCfg = Debug|Any CPU
		{39E6C43C-964A-40C6-8C0B-698BB75247A2}.Debug|Any CPU.Build.0 = Debug|Any CPU
		{39E6C43C-964A-40C6-8C0B-698BB75247A2}.Release|Any CPU.ActiveCfg = Release|Any CPU
		{39E6C43C-964A-40C6-8C0B-698BB75247A2}.Release|Any CPU.Build.0 = Release|Any CPU
		{4D6E4AE9-8E2E-48F7-A4AB-0B2AA6FB7B5F}.Debug|Any CPU.ActiveCfg = Debug|Any CPU
		{4D6E4AE9-8E2E-48F7-A4AB-0B2AA6FB7B5F}.Debug|Any CPU.Build.0 = Debug|Any CPU
		{4D6E4AE9-8E2E-48F7-A4AB-0B2AA6FB7B5F}.Release|Any CPU.ActiveCfg = Release|Any CPU
		{4D6E4AE9-8E2E-48F7-A4AB-0B2AA6FB7B5F}.Release|Any CPU.Build.0 = Release|Any CPU
		{C5BCF12A-187A-49FD-8313-9D32A94E5593}.Debug|Any CPU.ActiveCfg = Debug|Any CPU
		{C5BCF12A-187A-49FD-8313-9D32A94E5593}.Debug|Any CPU.Build.0 = Debug|Any CPU
		{C5BCF12A-187A-49FD-8313-9D32A94E5593}.Release|Any CPU.ActiveCfg = Release|Any CPU
		{C5BCF12A-187A-49FD-8313-9D32A94E5593}.Release|Any CPU.Build.0 = Release|Any CPU
		{514C9DEB-C847-439A-81FA-7253628602F7}.Debug|Any CPU.ActiveCfg = Debug|Any CPU
		{514C9DEB-C847-439A-81FA-7253628602F7}.Debug|Any CPU.Build.0 = Debug|Any CPU
		{514C9DEB-C847-439A-81FA-7253628602F7}.Release|Any CPU.ActiveCfg = Release|Any CPU
		{514C9DEB-C847-439A-81FA-7253628602F7}.Release|Any CPU.Build.0 = Release|Any CPU
		{56EEA615-2EC0-4B39-92A0-0DCE1B4FA25B}.Debug|Any CPU.ActiveCfg = Debug|Any CPU
		{56EEA615-2EC0-4B39-92A0-0DCE1B4FA25B}.Debug|Any CPU.Build.0 = Debug|Any CPU
		{56EEA615-2EC0-4B39-92A0-0DCE1B4FA25B}.Release|Any CPU.ActiveCfg = Release|Any CPU
		{56EEA615-2EC0-4B39-92A0-0DCE1B4FA25B}.Release|Any CPU.Build.0 = Release|Any CPU
		{E111D091-516C-4EAD-8EED-193ADA46C961}.Debug|Any CPU.ActiveCfg = Debug|Any CPU
		{E111D091-516C-4EAD-8EED-193ADA46C961}.Debug|Any CPU.Build.0 = Debug|Any CPU
		{E111D091-516C-4EAD-8EED-193ADA46C961}.Release|Any CPU.ActiveCfg = Release|Any CPU
		{E111D091-516C-4EAD-8EED-193ADA46C961}.Release|Any CPU.Build.0 = Release|Any CPU
	EndGlobalSection
	GlobalSection(SolutionProperties) = preSolution
		HideSolutionNode = FALSE
	EndGlobalSection
	GlobalSection(NestedProjects) = preSolution
		{0B97A1F3-05BE-4BBB-9D50-B3914BC8E5D4} = {5EA08EC6-617F-4EFB-A937-0E001FEADC1A}
		{764FB63E-8ABD-4A94-9BFD-C0B319A8ED1E} = {5EA08EC6-617F-4EFB-A937-0E001FEADC1A}
		{E0F17002-5E4D-44D4-A1E3-41D8BB1DB396} = {5EA08EC6-617F-4EFB-A937-0E001FEADC1A}
		{5FDBA6EE-9C72-4467-9C46-114ADD478D53} = {0B97A1F3-05BE-4BBB-9D50-B3914BC8E5D4}
		{F336E201-4C4B-4FD0-A2BB-7B865963DBA5} = {0B97A1F3-05BE-4BBB-9D50-B3914BC8E5D4}
		{B2288867-BD0D-40C9-B8BB-44E6856D2B25} = {764FB63E-8ABD-4A94-9BFD-C0B319A8ED1E}
		{D18D57BE-0F83-4AA8-AF72-A7CFA780592C} = {764FB63E-8ABD-4A94-9BFD-C0B319A8ED1E}
		{8DB26F4B-DEAC-4625-83C4-51AAF5DCAF6A} = {764FB63E-8ABD-4A94-9BFD-C0B319A8ED1E}
		{39E6C43C-964A-40C6-8C0B-698BB75247A2} = {5FDBA6EE-9C72-4467-9C46-114ADD478D53}
		{4D6E4AE9-8E2E-48F7-A4AB-0B2AA6FB7B5F} = {F336E201-4C4B-4FD0-A2BB-7B865963DBA5}
		{C5BCF12A-187A-49FD-8313-9D32A94E5593} = {F336E201-4C4B-4FD0-A2BB-7B865963DBA5}
		{514C9DEB-C847-439A-81FA-7253628602F7} = {B2288867-BD0D-40C9-B8BB-44E6856D2B25}
		{56EEA615-2EC0-4B39-92A0-0DCE1B4FA25B} = {D18D57BE-0F83-4AA8-AF72-A7CFA780592C}
		{E111D091-516C-4EAD-8EED-193ADA46C961} = {E0F17002-5E4D-44D4-A1E3-41D8BB1DB396}
	EndGlobalSection
EndGlobal
